
Microsoft Visual Studio Solution File, Format Version 12.00
# Visual Studio Version 17
VisualStudioVersion = 17.7.34024.191
MinimumVisualStudioVersion = 10.0.40219.1
Project("{9A19103F-16F7-4668-BE54-9A1E7A4F7556}") = "PasswordCheck", "PasswordCheck\PasswordCheck.csproj", "{916760F4-7169-43A1-9987-20A73E1C60CE}"
EndProject
Project("{9A19103F-16F7-4668-BE54-9A1E7A4F7556}") = "CheckTest1Digits", "PasswordCheckTests\CheckTest1Digits.csproj", "{56FD4230-23A8-4AEA-941D-75AB8EF1565D}"
EndProject
Project("{9A19103F-16F7-4668-BE54-9A1E7A4F7556}") = "CheckTest2LowercaseLetters", "PasswordCheckTests1\CheckTest2LowercaseLetters.csproj", "{D20C695C-0992-4D99-9A55-9069CB51A672}"
EndProject
Project("{9A19103F-16F7-4668-BE54-9A1E7A4F7556}") = "CheckTest3CapitalLetters", "PasswordCheckTests2\CheckTest3CapitalLetters.csproj", "{40E3DECE-39DA-471E-83F0-17C479C0A342}"
EndProject
Project("{9A19103F-16F7-4668-BE54-9A1E7A4F7556}") = "CheckTest4SpecialCharacters", "PasswordCheckTests3\CheckTest4SpecialCharacters.csproj", "{845FF2BF-F2C5-4569-8204-7EBDEE6EA577}"
EndProject
Project("{9A19103F-16F7-4668-BE54-9A1E7A4F7556}") = "CheckTest5MoreSeven", "PasswordCheckTests4\CheckTest5MoreSeven.csproj", "{202EEDB7-4983-4A35-86B4-27617B7B0E23}"
EndProject
Project("{9A19103F-16F7-4668-BE54-9A1E7A4F7556}") = "CheckTest6Wrong", "PasswordCheckTests5\CheckTest6Wrong.csproj", "{C17C91B4-918A-4D95-B280-5A159269F0A7}"
EndProject
Global
	GlobalSection(SolutionConfigurationPlatforms) = preSolution
		Debug|Any CPU = Debug|Any CPU
		Release|Any CPU = Release|Any CPU
	EndGlobalSection
	GlobalSection(ProjectConfigurationPlatforms) = postSolution
		{916760F4-7169-43A1-9987-20A73E1C60CE}.Debug|Any CPU.ActiveCfg = Debug|Any CPU
		{916760F4-7169-43A1-9987-20A73E1C60CE}.Debug|Any CPU.Build.0 = Debug|Any CPU
		{916760F4-7169-43A1-9987-20A73E1C60CE}.Release|Any CPU.ActiveCfg = Release|Any CPU
		{916760F4-7169-43A1-9987-20A73E1C60CE}.Release|Any CPU.Build.0 = Release|Any CPU
		{56FD4230-23A8-4AEA-941D-75AB8EF1565D}.Debug|Any CPU.ActiveCfg = Debug|Any CPU
		{56FD4230-23A8-4AEA-941D-75AB8EF1565D}.Debug|Any CPU.Build.0 = Debug|Any CPU
		{56FD4230-23A8-4AEA-941D-75AB8EF1565D}.Release|Any CPU.ActiveCfg = Release|Any CPU
		{56FD4230-23A8-4AEA-941D-75AB8EF1565D}.Release|Any CPU.Build.0 = Release|Any CPU
		{D20C695C-0992-4D99-9A55-9069CB51A672}.Debug|Any CPU.ActiveCfg = Debug|Any CPU
		{D20C695C-0992-4D99-9A55-9069CB51A672}.Debug|Any CPU.Build.0 = Debug|Any CPU
		{D20C695C-0992-4D99-9A55-9069CB51A672}.Release|Any CPU.ActiveCfg = Release|Any CPU
		{D20C695C-0992-4D99-9A55-9069CB51A672}.Release|Any CPU.Build.0 = Release|Any CPU
		{40E3DECE-39DA-471E-83F0-17C479C0A342}.Debug|Any CPU.ActiveCfg = Debug|Any CPU
		{40E3DECE-39DA-471E-83F0-17C479C0A342}.Debug|Any CPU.Build.0 = Debug|Any CPU
		{40E3DECE-39DA-471E-83F0-17C479C0A342}.Release|Any CPU.ActiveCfg = Release|Any CPU
		{40E3DECE-39DA-471E-83F0-17C479C0A342}.Release|Any CPU.Build.0 = Release|Any CPU
		{845FF2BF-F2C5-4569-8204-7EBDEE6EA577}.Debug|Any CPU.ActiveCfg = Debug|Any CPU
		{845FF2BF-F2C5-4569-8204-7EBDEE6EA577}.Debug|Any CPU.Build.0 = Debug|Any CPU
		{845FF2BF-F2C5-4569-8204-7EBDEE6EA577}.Release|Any CPU.ActiveCfg = Release|Any CPU
		{845FF2BF-F2C5-4569-8204-7EBDEE6EA577}.Release|Any CPU.Build.0 = Release|Any CPU
		{202EEDB7-4983-4A35-86B4-27617B7B0E23}.Debug|Any CPU.ActiveCfg = Debug|Any CPU
		{202EEDB7-4983-4A35-86B4-27617B7B0E23}.Debug|Any CPU.Build.0 = Debug|Any CPU
		{202EEDB7-4983-4A35-86B4-27617B7B0E23}.Release|Any CPU.ActiveCfg = Release|Any CPU
		{202EEDB7-4983-4A35-86B4-27617B7B0E23}.Release|Any CPU.Build.0 = Release|Any CPU
		{C17C91B4-918A-4D95-B280-5A159269F0A7}.Debug|Any CPU.ActiveCfg = Debug|Any CPU
		{C17C91B4-918A-4D95-B280-5A159269F0A7}.Debug|Any CPU.Build.0 = Debug|Any CPU
		{C17C91B4-918A-4D95-B280-5A159269F0A7}.Release|Any CPU.ActiveCfg = Release|Any CPU
		{C17C91B4-918A-4D95-B280-5A159269F0A7}.Release|Any CPU.Build.0 = Release|Any CPU
	EndGlobalSection
	GlobalSection(SolutionProperties) = preSolution
		HideSolutionNode = FALSE
	EndGlobalSection
	GlobalSection(ExtensibilityGlobals) = postSolution
		SolutionGuid = {50726A95-C678-44B9-B5DE-F58421B52A07}
	EndGlobalSection
EndGlobal
